
Microsoft Visual Studio Solution File, Format Version 12.00
# Visual Studio Version 16
VisualStudioVersion = 16.0.30907.101
MinimumVisualStudioVersion = 10.0.40219.1
Project("{FAE04EC0-301F-11D3-BF4B-00C04F79EFBC}") = "Lab1", "Lab1.csproj", "{FCCC528D-37BF-4695-B5CD-F9B4BBD61785}"
EndProject
Global
	GlobalSection(SolutionConfigurationPlatforms) = preSolution
		Debug|Any CPU = Debug|Any CPU
		Release|Any CPU = Release|Any CPU
	EndGlobalSection
	GlobalSection(ProjectConfigurationPlatforms) = postSolution
		{FCCC528D-37BF-4695-B5CD-F9B4BBD61785}.Debug|Any CPU.ActiveCfg = Debug|Any CPU
		{FCCC528D-37BF-4695-B5CD-F9B4BBD61785}.Debug|Any CPU.Build.0 = Debug|Any CPU
		{FCCC528D-37BF-4695-B5CD-F9B4BBD61785}.Release|Any CPU.ActiveCfg = Release|Any CPU
		{FCCC528D-37BF-4695-B5CD-F9B4BBD61785}.Release|Any CPU.Build.0 = Release|Any CPU
	EndGlobalSection
	GlobalSection(SolutionProperties) = preSolution
		HideSolutionNode = FALSE
	EndGlobalSection
	GlobalSection(ExtensibilityGlobals) = postSolution
		SolutionGuid = {5023438A-80B9-48AE-89AB-08814CA22E1F}
	EndGlobalSection
EndGlobal
